
Microsoft Visual Studio Solution File, Format Version 12.00
# Visual Studio Version 16
VisualStudioVersion = 16.0.30503.244
MinimumVisualStudioVersion = 10.0.40219.1
Project("{FAE04EC0-301F-11D3-BF4B-00C04F79EFBC}") = "Cricket Bot", "Cricket Bot\Cricket Bot.csproj", "{C6557584-ADB4-43AD-AB86-02E8FC881E64}"
EndProject
Global
	GlobalSection(SolutionConfigurationPlatforms) = preSolution
		Debug|Any CPU = Debug|Any CPU
		Release|Any CPU = Release|Any CPU
	EndGlobalSection
	GlobalSection(ProjectConfigurationPlatforms) = postSolution
		{C6557584-ADB4-43AD-AB86-02E8FC881E64}.Debug|Any CPU.ActiveCfg = Debug|Any CPU
		{C6557584-ADB4-43AD-AB86-02E8FC881E64}.Debug|Any CPU.Build.0 = Debug|Any CPU
		{C6557584-ADB4-43AD-AB86-02E8FC881E64}.Release|Any CPU.ActiveCfg = Release|Any CPU
		{C6557584-ADB4-43AD-AB86-02E8FC881E64}.Release|Any CPU.Build.0 = Release|Any CPU
	EndGlobalSection
	GlobalSection(SolutionProperties) = preSolution
		HideSolutionNode = FALSE
	EndGlobalSection
	GlobalSection(ExtensibilityGlobals) = postSolution
		SolutionGuid = {4077E73B-4791-40F8-945D-C8D146F46068}
	EndGlobalSection
EndGlobal
